
Microsoft Visual Studio Solution File, Format Version 12.00
# Visual Studio 15
VisualStudioVersion = 15.0.26430.6
MinimumVisualStudioVersion = 10.0.40219.1
Project("{FAE04EC0-301F-11D3-BF4B-00C04F79EFBC}") = "dot NET MVC Example", "dot NET MVC Example\dot NET MVC Example.csproj", "{2828DE79-1300-413C-A94A-383436B12EC1}"
EndProject
Global
	GlobalSection(SolutionConfigurationPlatforms) = preSolution
		Debug|Any CPU = Debug|Any CPU
		Release|Any CPU = Release|Any CPU
	EndGlobalSection
	GlobalSection(ProjectConfigurationPlatforms) = postSolution
		{2828DE79-1300-413C-A94A-383436B12EC1}.Debug|Any CPU.ActiveCfg = Debug|Any CPU
		{2828DE79-1300-413C-A94A-383436B12EC1}.Debug|Any CPU.Build.0 = Debug|Any CPU
		{2828DE79-1300-413C-A94A-383436B12EC1}.Release|Any CPU.ActiveCfg = Release|Any CPU
		{2828DE79-1300-413C-A94A-383436B12EC1}.Release|Any CPU.Build.0 = Release|Any CPU
	EndGlobalSection
	GlobalSection(SolutionProperties) = preSolution
		HideSolutionNode = FALSE
	EndGlobalSection
EndGlobal
